
Microsoft Visual Studio Solution File, Format Version 12.00
# Visual Studio Version 16
VisualStudioVersion = 16.0.31729.503
MinimumVisualStudioVersion = 10.0.40219.1
Project("{FAE04EC0-301F-11D3-BF4B-00C04F79EFBC}") = "Writing_and_reading_files", "Writing_and_reading_files.csproj", "{F3CBD501-9DE2-4250-A57F-0AD489F1DB24}"
EndProject
Global
	GlobalSection(SolutionConfigurationPlatforms) = preSolution
		Debug|Any CPU = Debug|Any CPU
		Release|Any CPU = Release|Any CPU
	EndGlobalSection
	GlobalSection(ProjectConfigurationPlatforms) = postSolution
		{F3CBD501-9DE2-4250-A57F-0AD489F1DB24}.Debug|Any CPU.ActiveCfg = Debug|Any CPU
		{F3CBD501-9DE2-4250-A57F-0AD489F1DB24}.Debug|Any CPU.Build.0 = Debug|Any CPU
		{F3CBD501-9DE2-4250-A57F-0AD489F1DB24}.Release|Any CPU.ActiveCfg = Release|Any CPU
		{F3CBD501-9DE2-4250-A57F-0AD489F1DB24}.Release|Any CPU.Build.0 = Release|Any CPU
	EndGlobalSection
	GlobalSection(SolutionProperties) = preSolution
		HideSolutionNode = FALSE
	EndGlobalSection
	GlobalSection(ExtensibilityGlobals) = postSolution
		SolutionGuid = {E5C155F5-A96A-4682-A38E-2C2471727361}
	EndGlobalSection
EndGlobal
